Microsoft Visual Studio Solution File, Format Version 12.00
# Visual Studio Version 16
VisualStudioVersion = 16.0.28803.156
MinimumVisualStudioVersion = 10.0.40219.1
Project("{FAE04EC0-301F-11D3-BF4B-00C04F79EFBC}") = "Analizador.Android", "Analizador.Android\Analizador.Android.csproj", "{3E3FDF59-9A9E-4BCA-8524-76777AF94E0C}"
EndProject
Project("{FAE04EC0-301F-11D3-BF4B-00C04F79EFBC}") = "Analizador.iOS", "Analizador.iOS\Analizador.iOS.csproj", "{EB27A176-AF9D-44CB-A8AB-6F394A069340}"
EndProject
Project("{9A19103F-16F7-4668-BE54-9A1E7A4F7556}") = "Analizador", "Analizador\Analizador.csproj", "{483AC556-3071-4A61-B5A1-86A35B57D3CE}"
EndProject
Global
	GlobalSection(SolutionConfigurationPlatforms) = preSolution
		Ad-Hoc|Any CPU = Ad-Hoc|Any CPU
		Ad-Hoc|iPhone = Ad-Hoc|iPhone
		Ad-Hoc|iPhoneSimulator = Ad-Hoc|iPhoneSimulator
		AppStore|Any CPU = AppStore|Any CPU
		AppStore|iPhone = AppStore|iPhone
		AppStore|iPhoneSimulator = AppStore|iPhoneSimulator
		Debug|Any CPU = Debug|Any CPU
		Debug|iPhone = Debug|iPhone
		Debug|iPhoneSimulator = Debug|iPhoneSimulator
		Release|Any CPU = Release|Any CPU
		Release|iPhone = Release|iPhone
		Release|iPhoneSimulator = Release|iPhoneSimulator
	EndGlobalSection
	GlobalSection(ProjectConfigurationPlatforms) = postSolution
		{3E3FDF59-9A9E-4BCA-8524-76777AF94E0C}.Ad-Hoc|Any CPU.ActiveCfg = Release|Any CPU
		{3E3FDF59-9A9E-4BCA-8524-76777AF94E0C}.Ad-Hoc|Any CPU.Build.0 = Release|Any CPU
		{3E3FDF59-9A9E-4BCA-8524-76777AF94E0C}.Ad-Hoc|Any CPU.Deploy.0 = Release|Any CPU
		{3E3FDF59-9A9E-4BCA-8524-76777AF94E0C}.Ad-Hoc|iPhone.ActiveCfg = Debug|Any CPU
		{3E3FDF59-9A9E-4BCA-8524-76777AF94E0C}.Ad-Hoc|iPhone.Build.0 = Debug|Any CPU
		{3E3FDF59-9A9E-4BCA-8524-76777AF94E0C}.Ad-Hoc|iPhoneSimulator.ActiveCfg = Release|Any CPU
		{3E3FDF59-9A9E-4BCA-8524-76777AF94E0C}.Ad-Hoc|iPhoneSimulator.Build.0 = Release|Any CPU
		{3E3FDF59-9A9E-4BCA-8524-76777AF94E0C}.Ad-Hoc|iPhoneSimulator.Deploy.0 = Release|Any CPU
		{3E3FDF59-9A9E-4BCA-8524-76777AF94E0C}.AppStore|Any CPU.ActiveCfg = Release|Any CPU
		{3E3FDF59-9A9E-4BCA-8524-76777AF94E0C}.AppStore|Any CPU.Build.0 = Release|Any CPU
		{3E3FDF59-9A9E-4BCA-8524-76777AF94E0C}.AppStore|Any CPU.Deploy.0 = Release|Any CPU
		{3E3FDF59-9A9E-4BCA-8524-76777AF94E0C}.AppStore|iPhone.ActiveCfg = Debug|Any CPU
		{3E3FDF59-9A9E-4BCA-8524-76777AF94E0C}.AppStore|iPhone.Build.0 = Debug|Any CPU
		{3E3FDF59-9A9E-4BCA-8524-76777AF94E0C}.AppStore|iPhoneSimulator.ActiveCfg = Release|Any CPU
		{3E3FDF59-9A9E-4BCA-8524-76777AF94E0C}.AppStore|iPhoneSimulator.Build.0 = Release|Any CPU
		{3E3FDF59-9A9E-4BCA-8524-76777AF94E0C}.AppStore|iPhoneSimulator.Deploy.0 = Release|Any CPU
		{3E3FDF59-9A9E-4BCA-8524-76777AF94E0C}.Debug|Any CPU.ActiveCfg = Debug|Any CPU
		{3E3FDF59-9A9E-4BCA-8524-76777AF94E0C}.Debug|Any CPU.Build.0 = Debug|Any CPU
		{3E3FDF59-9A9E-4BCA-8524-76777AF94E0C}.Debug|Any CPU.Deploy.0 = Debug|Any CPU
		{3E3FDF59-9A9E-4BCA-8524-76777AF94E0C}.Debug|iPhone.ActiveCfg = Debug|Any CPU
		{3E3FDF59-9A9E-4BCA-8524-76777AF94E0C}.Debug|iPhone.Build.0 = Debug|Any CPU
		{3E3FDF59-9A9E-4BCA-8524-76777AF94E0C}.Debug|iPhoneSimulator.ActiveCfg = Debug|Any CPU
		{3E3FDF59-9A9E-4BCA-8524-76777AF94E0C}.Debug|iPhoneSimulator.Build.0 = Debug|Any CPU
		{3E3FDF59-9A9E-4BCA-8524-76777AF94E0C}.Release|Any CPU.ActiveCfg = Release|Any CPU
		{3E3FDF59-9A9E-4BCA-8524-76777AF94E0C}.Release|Any CPU.Build.0 = Release|Any CPU
		{3E3FDF59-9A9E-4BCA-8524-76777AF94E0C}.Release|iPhone.ActiveCfg = Release|Any CPU
		{3E3FDF59-9A9E-4BCA-8524-76777AF94E0C}.Release|iPhone.Build.0 = Release|Any CPU
		{3E3FDF59-9A9E-4BCA-8524-76777AF94E0C}.Release|iPhoneSimulator.ActiveCfg = Release|Any CPU
		{3E3FDF59-9A9E-4BCA-8524-76777AF94E0C}.Release|iPhoneSimulator.Build.0 = Release|Any CPU
		{EB27A176-AF9D-44CB-A8AB-6F394A069340}.Ad-Hoc|Any CPU.ActiveCfg = Ad-Hoc|iPhoneSimulator
		{EB27A176-AF9D-44CB-A8AB-6F394A069340}.Ad-Hoc|iPhone.ActiveCfg = Ad-Hoc|iPhone
		{EB27A176-AF9D-44CB-A8AB-6F394A069340}.Ad-Hoc|iPhone.Build.0 = Ad-Hoc|iPhone
		{EB27A176-AF9D-44CB-A8AB-6F394A069340}.Ad-Hoc|iPhoneSimulator.ActiveCfg = Ad-Hoc|iPhoneSimulator
		{EB27A176-AF9D-44CB-A8AB-6F394A069340}.Ad-Hoc|iPhoneSimulator.Build.0 = Ad-Hoc|iPhoneSimulator
		{EB27A176-AF9D-44CB-A8AB-6F394A069340}.AppStore|Any CPU.ActiveCfg = AppStore|iPhoneSimulator
		{EB27A176-AF9D-44CB-A8AB-6F394A069340}.AppStore|iPhone.ActiveCfg = AppStore|iPhone
		{EB27A176-AF9D-44CB-A8AB-6F394A069340}.AppStore|iPhone.Build.0 = AppStore|iPhone
		{EB27A176-AF9D-44CB-A8AB-6F394A069340}.AppStore|iPhoneSimulator.ActiveCfg = AppStore|iPhoneSimulator
		{EB27A176-AF9D-44CB-A8AB-6F394A069340}.AppStore|iPhoneSimulator.Build.0 = AppStore|iPhoneSimulator
		{EB27A176-AF9D-44CB-A8AB-6F394A069340}.Debug|Any CPU.ActiveCfg = Debug|iPhoneSimulator
		{EB27A176-AF9D-44CB-A8AB-6F394A069340}.Debug|Any CPU.Build.0 = Debug|iPhoneSimulator
		{EB27A176-AF9D-44CB-A8AB-6F394A069340}.Debug|iPhone.ActiveCfg = Debug|iPhone
		{EB27A176-AF9D-44CB-A8AB-6F394A069340}.Debug|iPhone.Build.0 = Debug|iPhone
		{EB27A176-AF9D-44CB-A8AB-6F394A069340}.Debug|iPhoneSimulator.ActiveCfg = Debug|iPhoneSimulator
		{EB27A176-AF9D-44CB-A8AB-6F394A069340}.Debug|iPhoneSimulator.Build.0 = Debug|iPhoneSimulator
		{EB27A176-AF9D-44CB-A8AB-6F394A069340}.Release|Any CPU.ActiveCfg = Release|iPhoneSimulator
		{EB27A176-AF9D-44CB-A8AB-6F394A069340}.Release|Any CPU.Build.0 = Release|iPhoneSimulator
		{EB27A176-AF9D-44CB-A8AB-6F394A069340}.Release|iPhone.ActiveCfg = Release|iPhone
		{EB27A176-AF9D-44CB-A8AB-6F394A069340}.Release|iPhone.Build.0 = Release|iPhone
		{EB27A176-AF9D-44CB-A8AB-6F394A069340}.Release|iPhoneSimulator.ActiveCfg = Release|iPhoneSimulator
		{EB27A176-AF9D-44CB-A8AB-6F394A069340}.Release|iPhoneSimulator.Build.0 = Release|iPhoneSimulator
		{483AC556-3071-4A61-B5A1-86A35B57D3CE}.Ad-Hoc|Any CPU.ActiveCfg = Release|Any CPU
		{483AC556-3071-4A61-B5A1-86A35B57D3CE}.Ad-Hoc|Any CPU.Build.0 = Release|Any CPU
		{483AC556-3071-4A61-B5A1-86A35B57D3CE}.Ad-Hoc|iPhone.ActiveCfg = Debug|Any CPU
		{483AC556-3071-4A61-B5A1-86A35B57D3CE}.Ad-Hoc|iPhone.Build.0 = Debug|Any CPU
		{483AC556-3071-4A61-B5A1-86A35B57D3CE}.Ad-Hoc|iPhoneSimulator.ActiveCfg = Release|Any CPU
		{483AC556-3071-4A61-B5A1-86A35B57D3CE}.Ad-Hoc|iPhoneSimulator.Build.0 = Release|Any CPU
		{483AC556-3071-4A61-B5A1-86A35B57D3CE}.AppStore|Any CPU.ActiveCfg = Release|Any CPU
		{483AC556-3071-4A61-B5A1-86A35B57D3CE}.AppStore|Any CPU.Build.0 = Release|Any CPU
		{483AC556-3071-4A61-B5A1-86A35B57D3CE}.AppStore|iPhone.ActiveCfg = Debug|Any CPU
		{483AC556-3071-4A61-B5A1-86A35B57D3CE}.AppStore|iPhone.Build.0 = Debug|Any CPU
		{483AC556-3071-4A61-B5A1-86A35B57D3CE}.AppStore|iPhoneSimulator.ActiveCfg = Release|Any CPU
		{483AC556-3071-4A61-B5A1-86A35B57D3CE}.AppStore|iPhoneSimulator.Build.0 = Release|Any CPU
		{483AC556-3071-4A61-B5A1-86A35B57D3CE}.Debug|Any CPU.ActiveCfg = Debug|Any CPU
		{483AC556-3071-4A61-B5A1-86A35B57D3CE}.Debug|Any CPU.Build.0 = Debug|Any CPU
		{483AC556-3071-4A61-B5A1-86A35B57D3CE}.Debug|iPhone.ActiveCfg = Debug|Any CPU
		{483AC556-3071-4A61-B5A1-86A35B57D3CE}.Debug|iPhone.Build.0 = Debug|Any CPU
		{483AC556-3071-4A61-B5A1-86A35B57D3CE}.Debug|iPhoneSimulator.ActiveCfg = Debug|Any CPU
		{483AC556-3071-4A61-B5A1-86A35B57D3CE}.Debug|iPhoneSimulator.Build.0 = Debug|Any CPU
		{483AC556-3071-4A61-B5A1-86A35B57D3CE}.Release|Any CPU.ActiveCfg = Release|Any CPU
		{483AC556-3071-4A61-B5A1-86A35B57D3CE}.Release|Any CPU.Build.0 = Release|Any CPU
		{483AC556-3071-4A61-B5A1-86A35B57D3CE}.Release|iPhone.ActiveCfg = Release|Any CPU
		{483AC556-3071-4A61-B5A1-86A35B57D3CE}.Release|iPhone.Build.0 = Release|Any CPU
		{483AC556-3071-4A61-B5A1-86A35B57D3CE}.Release|iPhoneSimulator.ActiveCfg = Release|Any CPU
		{483AC556-3071-4A61-B5A1-86A35B57D3CE}.Release|iPhoneSimulator.Build.0 = Release|Any CPU
	EndGlobalSection
	GlobalSection(SolutionProperties) = preSolution
		HideSolutionNode = FALSE
	EndGlobalSection
	GlobalSection(ExtensibilityGlobals) = postSolution
		SolutionGuid = {24AE0FC6-BFCD-4094-AEBD-13A84FD3D8AF}
	EndGlobalSection
EndGlobal
